
Microsoft Visual Studio Solution File, Format Version 11.00
# Visual Studio 2010
Project("{FAE04EC0-301F-11D3-BF4B-00C04F79EFBC}") = "Assembly-CSharp", "Assembly-CSharp.csproj", "{4827220E-0C14-026B-F0D2-A2631B037AB7}"
EndProject
Project("{FAE04EC0-301F-11D3-BF4B-00C04F79EFBC}") = "Assembly-CSharp-Editor", "Assembly-CSharp-Editor.csproj", "{05C2BB55-1E0E-B20B-A0AA-AF74C8DAFEC1}"
EndProject
Global
	GlobalSection(SolutionConfigurationPlatforms) = preSolution
		Debug|Any CPU = Debug|Any CPU
		Release|Any CPU = Release|Any CPU
	EndGlobalSection
	GlobalSection(ProjectConfigurationPlatforms) = postSolution
		{4827220E-0C14-026B-F0D2-A2631B037AB7}.Debug|Any CPU.ActiveCfg = Debug|Any CPU
		{4827220E-0C14-026B-F0D2-A2631B037AB7}.Debug|Any CPU.Build.0 = Debug|Any CPU
		{4827220E-0C14-026B-F0D2-A2631B037AB7}.Release|Any CPU.ActiveCfg = Release|Any CPU
		{4827220E-0C14-026B-F0D2-A2631B037AB7}.Release|Any CPU.Build.0 = Release|Any CPU
		{05C2BB55-1E0E-B20B-A0AA-AF74C8DAFEC1}.Debug|Any CPU.ActiveCfg = Debug|Any CPU
		{05C2BB55-1E0E-B20B-A0AA-AF74C8DAFEC1}.Debug|Any CPU.Build.0 = Debug|Any CPU
		{05C2BB55-1E0E-B20B-A0AA-AF74C8DAFEC1}.Release|Any CPU.ActiveCfg = Release|Any CPU
		{05C2BB55-1E0E-B20B-A0AA-AF74C8DAFEC1}.Release|Any CPU.Build.0 = Release|Any CPU
	EndGlobalSection
	GlobalSection(SolutionProperties) = preSolution
		HideSolutionNode = FALSE
	EndGlobalSection
	GlobalSection(MonoDevelopProperties) = preSolution
		StartupItem = Assembly-CSharp.csproj
	EndGlobalSection
EndGlobal
